
Microsoft Visual Studio Solution File, Format Version 12.00
# Visual Studio Version 17
VisualStudioVersion = 17.14.36310.24
MinimumVisualStudioVersion = 10.0.40219.1
Project("{FAE04EC0-301F-11D3-BF4B-00C04F79EFBC}") = "CoreRazorApp", "CoreRazorApp\CoreRazorApp.csproj", "{DCACEE97-5E64-45FA-BB96-423F2FA07026}"
EndProject
Project("{FAE04EC0-301F-11D3-BF4B-00C04F79EFBC}") = "CommonUtils", "CommonUtils\CommonUtils.csproj", "{B33512EC-EBE9-49F7-BEAB-244D6E6D80FB}"
EndProject
Project("{FAE04EC0-301F-11D3-BF4B-00C04F79EFBC}") = "MVCExample", "MVCExample\MVCExample.csproj", "{A584869A-72E3-42E2-A811-5D517494B43A}"
EndProject
Project("{FAE04EC0-301F-11D3-BF4B-00C04F79EFBC}") = "ConsoleApp1", "ConsoleApp1\ConsoleApp1.csproj", "{F73F0250-AC36-40D4-A602-74D0C00FA5CC}"
EndProject
Global
	GlobalSection(SolutionConfigurationPlatforms) = preSolution
		Debug|Any CPU = Debug|Any CPU
		Release|Any CPU = Release|Any CPU
	EndGlobalSection
	GlobalSection(ProjectConfigurationPlatforms) = postSolution
		{DCACEE97-5E64-45FA-BB96-423F2FA07026}.Debug|Any CPU.ActiveCfg = Debug|Any CPU
		{DCACEE97-5E64-45FA-BB96-423F2FA07026}.Debug|Any CPU.Build.0 = Debug|Any CPU
		{DCACEE97-5E64-45FA-BB96-423F2FA07026}.Release|Any CPU.ActiveCfg = Release|Any CPU
		{DCACEE97-5E64-45FA-BB96-423F2FA07026}.Release|Any CPU.Build.0 = Release|Any CPU
		{B33512EC-EBE9-49F7-BEAB-244D6E6D80FB}.Debug|Any CPU.ActiveCfg = Debug|Any CPU
		{B33512EC-EBE9-49F7-BEAB-244D6E6D80FB}.Debug|Any CPU.Build.0 = Debug|Any CPU
		{B33512EC-EBE9-49F7-BEAB-244D6E6D80FB}.Release|Any CPU.ActiveCfg = Release|Any CPU
		{B33512EC-EBE9-49F7-BEAB-244D6E6D80FB}.Release|Any CPU.Build.0 = Release|Any CPU
		{A584869A-72E3-42E2-A811-5D517494B43A}.Debug|Any CPU.ActiveCfg = Debug|Any CPU
		{A584869A-72E3-42E2-A811-5D517494B43A}.Debug|Any CPU.Build.0 = Debug|Any CPU
		{A584869A-72E3-42E2-A811-5D517494B43A}.Release|Any CPU.ActiveCfg = Release|Any CPU
		{A584869A-72E3-42E2-A811-5D517494B43A}.Release|Any CPU.Build.0 = Release|Any CPU
		{F73F0250-AC36-40D4-A602-74D0C00FA5CC}.Debug|Any CPU.ActiveCfg = Debug|Any CPU
		{F73F0250-AC36-40D4-A602-74D0C00FA5CC}.Debug|Any CPU.Build.0 = Debug|Any CPU
		{F73F0250-AC36-40D4-A602-74D0C00FA5CC}.Release|Any CPU.ActiveCfg = Release|Any CPU
		{F73F0250-AC36-40D4-A602-74D0C00FA5CC}.Release|Any CPU.Build.0 = Release|Any CPU
	EndGlobalSection
	GlobalSection(SolutionProperties) = preSolution
		HideSolutionNode = FALSE
	EndGlobalSection
	GlobalSection(ExtensibilityGlobals) = postSolution
		SolutionGuid = {ACFD7C4F-CB50-424E-B460-37CF23C7E5B0}
	EndGlobalSection
EndGlobal
