
Microsoft Visual Studio Solution File, Format Version 12.00
# Visual Studio Version 17
VisualStudioVersion = 17.14.36310.24 d17.14
MinimumVisualStudioVersion = 10.0.40219.1
Project("{FAE04EC0-301F-11D3-BF4B-00C04F79EFBC}") = "DemoEmailValidation", "DemoEmailValidation\DemoEmailValidation.csproj", "{D4E826C9-D8F0-471B-BB5A-597E6D2A3DE2}"
EndProject
Project("{FAE04EC0-301F-11D3-BF4B-00C04F79EFBC}") = "EmailValidation.MSTestProject", "EmailValidation.MSTestProject\EmailValidation.MSTestProject.csproj", "{7E1BBD34-9651-4170-8BE0-3085AAF4282A}"
EndProject
Project("{FAE04EC0-301F-11D3-BF4B-00C04F79EFBC}") = "EmailValidation.xUnit", "EmailValidation.xUnit\EmailValidation.xUnit.csproj", "{C765AF78-C1F8-4CB6-BC51-F0FE80F2E17C}"
EndProject
Global
	GlobalSection(SolutionConfigurationPlatforms) = preSolution
		Debug|Any CPU = Debug|Any CPU
		Release|Any CPU = Release|Any CPU
	EndGlobalSection
	GlobalSection(ProjectConfigurationPlatforms) = postSolution
		{D4E826C9-D8F0-471B-BB5A-597E6D2A3DE2}.Debug|Any CPU.ActiveCfg = Debug|Any CPU
		{D4E826C9-D8F0-471B-BB5A-597E6D2A3DE2}.Debug|Any CPU.Build.0 = Debug|Any CPU
		{D4E826C9-D8F0-471B-BB5A-597E6D2A3DE2}.Release|Any CPU.ActiveCfg = Release|Any CPU
		{D4E826C9-D8F0-471B-BB5A-597E6D2A3DE2}.Release|Any CPU.Build.0 = Release|Any CPU
		{7E1BBD34-9651-4170-8BE0-3085AAF4282A}.Debug|Any CPU.ActiveCfg = Debug|Any CPU
		{7E1BBD34-9651-4170-8BE0-3085AAF4282A}.Debug|Any CPU.Build.0 = Debug|Any CPU
		{7E1BBD34-9651-4170-8BE0-3085AAF4282A}.Release|Any CPU.ActiveCfg = Release|Any CPU
		{7E1BBD34-9651-4170-8BE0-3085AAF4282A}.Release|Any CPU.Build.0 = Release|Any CPU
		{C765AF78-C1F8-4CB6-BC51-F0FE80F2E17C}.Debug|Any CPU.ActiveCfg = Debug|Any CPU
		{C765AF78-C1F8-4CB6-BC51-F0FE80F2E17C}.Debug|Any CPU.Build.0 = Debug|Any CPU
		{C765AF78-C1F8-4CB6-BC51-F0FE80F2E17C}.Release|Any CPU.ActiveCfg = Release|Any CPU
		{C765AF78-C1F8-4CB6-BC51-F0FE80F2E17C}.Release|Any CPU.Build.0 = Release|Any CPU
	EndGlobalSection
	GlobalSection(SolutionProperties) = preSolution
		HideSolutionNode = FALSE
	EndGlobalSection
	GlobalSection(ExtensibilityGlobals) = postSolution
		SolutionGuid = {61D2FB7D-78C3-434E-BCC9-3B949C6E0172}
	EndGlobalSection
EndGlobal
